// !$*UTF8*$!
{
	archiveVersion = 1;
	classes = {
	};
	objectVersion = 56;
	objects = {

/* Begin PBXBuildFile section */
		BC378BF429EA819F00F159CF /* main.cpp in Sources */ = {isa = PBXBuildFile; fileRef = BC378BF329EA819F00F159CF /* main.cpp */; };
		BC378BFC29EA81B700F159CF /* MachineLearning.cpp in Sources */ = {isa = PBXBuildFile; fileRef = BC378BFA29EA81B700F159CF /* MachineLearning.cpp */; };
		BC378C0029EA8B0200F159CF /* PredictFunc.cpp in Sources */ = {isa = PBXBuildFile; fileRef = BC378BFE29EA8B0200F159CF /* PredictFunc.cpp */; };
/* End PBXBuildFile section */

/* Begin PBXCopyFilesBuildPhase section */
		BC378BEE29EA819F00F159CF /* CopyFiles */ = {
			isa = PBXCopyFilesBuildPhase;
			buildActionMask = 2147483647;
			dstPath = /usr/share/man/man1/;
			dstSubfolderSpec = 0;
			files = (
			);
			runOnlyForDeploymentPostprocessing = 1;
		};
/* End PBXCopyFilesBuildPhase section */

/* Begin PBXFileReference section */
		BC378BF029EA819F00F159CF /* MachineLearningProject */ = {isa = PBXFileReference; explicitFileType = "compiled.mach-o.executable"; includeInIndex = 0; path = MachineLearningProject; sourceTree = BUILT_PRODUCTS_DIR; };
		BC378BF329EA819F00F159CF /* main.cpp */ = {isa = PBXFileReference; lastKnownFileType = sourcecode.cpp.cpp; path = main.cpp; sourceTree = "<group>"; };
		BC378BFA29EA81B700F159CF /* MachineLearning.cpp */ = {isa = PBXFileReference; lastKnownFileType = sourcecode.cpp.cpp; path = MachineLearning.cpp; sourceTree = "<group>"; };
		BC378BFB29EA81B700F159CF /* MachineLearning.hpp */ = {isa = PBXFileReference; lastKnownFileType = sourcecode.cpp.h; path = MachineLearning.hpp; sourceTree = "<group>"; };
		BC378BFD29EA85C500F159CF /* mainHeader.h */ = {isa = PBXFileReference; lastKnownFileType = sourcecode.c.h; path = mainHeader.h; sourceTree = "<group>"; };
		BC378BFE29EA8B0200F159CF /* PredictFunc.cpp */ = {isa = PBXFileReference; lastKnownFileType = sourcecode.cpp.cpp; path = PredictFunc.cpp; sourceTree = "<group>"; };
		BC378BFF29EA8B0200F159CF /* PredictFunc.hpp */ = {isa = PBXFileReference; lastKnownFileType = sourcecode.cpp.h; path = PredictFunc.hpp; sourceTree = "<group>"; };
/* End PBXFileReference section */

/* Begin PBXFrameworksBuildPhase section */
		BC378BED29EA819F00F159CF /* Frameworks */ = {
			isa = PBXFrameworksBuildPhase;
			buildActionMask = 2147483647;
			files = (
			);
			runOnlyForDeploymentPostprocessing = 0;
		};
/* End PBXFrameworksBuildPhase section */

/* Begin PBXGroup section */
		BC378BE729EA819F00F159CF = {
			isa = PBXGroup;
			children = (
				BC378BF229EA819F00F159CF /* MachineLearningProject */,
				BC378BF129EA819F00F159CF /* Products */,
			);
			sourceTree = "<group>";
		};
		BC378BF129EA819F00F159CF /* Products */ = {
			isa = PBXGroup;
			children = (
				BC378BF029EA819F00F159CF /* MachineLearningProject */,
			);
			name = Products;
			sourceTree = "<group>";
		};
		BC378BF229EA819F00F159CF /* MachineLearningProject */ = {
			isa = PBXGroup;
			children = (
				BC378BF329EA819F00F159CF /* main.cpp */,
				BC378BFA29EA81B700F159CF /* MachineLearning.cpp */,
				BC378BFB29EA81B700F159CF /* MachineLearning.hpp */,
				BC378BFD29EA85C500F159CF /* mainHeader.h */,
				BC378BFE29EA8B0200F159CF /* PredictFunc.cpp */,
				BC378BFF29EA8B0200F159CF /* PredictFunc.hpp */,
			);
			path = MachineLearningProject;
			sourceTree = "<group>";
		};
/* End PBXGroup section */

/* Begin PBXNativeTarget section */
		BC378BEF29EA819F00F159CF /* MachineLearningProject */ = {
			isa = PBXNativeTarget;
			buildConfigurationList = BC378BF729EA819F00F159CF /* Build configuration list for PBXNativeTarget "MachineLearningProject" */;
			buildPhases = (
				BC378BEC29EA819F00F159CF /* Sources */,
				BC378BED29EA819F00F159CF /* Frameworks */,
				BC378BEE29EA819F00F159CF /* CopyFiles */,
			);
			buildRules = (
			);
			dependencies = (
			);
			name = MachineLearningProject;
			productName = MachineLearningProject;
			productReference = BC378BF029EA819F00F159CF /* MachineLearningProject */;
			productType = "com.apple.product-type.tool";
		};
/* End PBXNativeTarget section */

/* Begin PBXProject section */
		BC378BE829EA819F00F159CF /* Project object */ = {
			isa = PBXProject;
			attributes = {
				BuildIndependentTargetsInParallel = 1;
				LastUpgradeCheck = 1430;
				TargetAttributes = {
					BC378BEF29EA819F00F159CF = {
						CreatedOnToolsVersion = 14.3;
					};
				};
			};
			buildConfigurationList = BC378BEB29EA819F00F159CF /* Build configuration list for PBXProject "MachineLearningProject" */;
			compatibilityVersion = "Xcode 14.0";
			developmentRegion = en;
			hasScannedForEncodings = 0;
			knownRegions = (
				en,
				Base,
			);
			mainGroup = BC378BE729EA819F00F159CF;
			productRefGroup = BC378BF129EA819F00F159CF /* Products */;
			projectDirPath = "";
			projectRoot = "";
			targets = (
				BC378BEF29EA819F00F159CF /* MachineLearningProject */,
			);
		};
/* End PBXProject section */

/* Begin PBXSourcesBuildPhase section */
		BC378BEC29EA819F00F159CF /* Sources */ = {
			isa = PBXSourcesBuildPhase;
			buildActionMask = 2147483647;
			files = (
				BC378BF429EA819F00F159CF /* main.cpp in Sources */,
				BC378BFC29EA81B700F159CF /* MachineLearning.cpp in Sources */,
				BC378C0029EA8B0200F159CF /* PredictFunc.cpp in Sources */,
			);
			runOnlyForDeploymentPostprocessing = 0;
		};
/* End PBXSourcesBuildPhase section */

/* Begin XCBuildConfiguration section */
		BC378BF529EA819F00F159CF /* Debug */ = {
			isa = XCBuildConfiguration;
			buildSettings = {
				ALWAYS_SEARCH_USER_PATHS = NO;
				CLANG_ANALYZER_NONNULL = YES;
				CLANG_ANALYZER_NUMBER_OBJECT_CONVERSION = YES_AGGRESSIVE;
				CLANG_CXX_LANGUAGE_STANDARD = "gnu++20";
				CLANG_ENABLE_MODULES = YES;
				CLANG_ENABLE_OBJC_ARC = YES;
				CLANG_ENABLE_OBJC_WEAK = YES;
				CLANG_WARN_BLOCK_CAPTURE_AUTORELEASING = YES;
				CLANG_WARN_BOOL_CONVERSION = YES;
				CLANG_WARN_COMMA = YES;
				CLANG_WARN_CONSTANT_CONVERSION = YES;
				CLANG_WARN_DEPRECATED_OBJC_IMPLEMENTATIONS = YES;
				CLANG_WARN_DIRECT_OBJC_ISA_USAGE = YES_ERROR;
				CLANG_WARN_DOCUMENTATION_COMMENTS = YES;
				CLANG_WARN_EMPTY_BODY = YES;
				CLANG_WARN_ENUM_CONVERSION = YES;
				CLANG_WARN_INFINITE_RECURSION = YES;
				CLANG_WARN_INT_CONVERSION = YES;
				CLANG_WARN_NON_LITERAL_NULL_CONVERSION = YES;
				CLANG_WARN_OBJC_IMPLICIT_RETAIN_SELF = YES;
				CLANG_WARN_OBJC_LITERAL_CONVERSION = YES;
				CLANG_WARN_OBJC_ROOT_CLASS = YES_ERROR;
				CLANG_WARN_QUOTED_INCLUDE_IN_FRAMEWORK_HEADER = YES;
				CLANG_WARN_RANGE_LOOP_ANALYSIS = YES;
				CLANG_WARN_STRICT_PROTOTYPES = YES;
				CLANG_WARN_SUSPICIOUS_MOVE = YES;
				CLANG_WARN_UNGUARDED_AVAILABILITY = YES_AGGRESSIVE;
				CLANG_WARN_UNREACHABLE_CODE = YES;
				CLANG_WARN__DUPLICATE_METHOD_MATCH = YES;
				COPY_PHASE_STRIP = NO;
				DEBUG_INFORMATION_FORMAT = dwarf;
				ENABLE_STRICT_OBJC_MSGSEND = YES;
				ENABLE_TESTABILITY = YES;
				GCC_C_LANGUAGE_STANDARD = gnu11;
				GCC_DYNAMIC_NO_PIC = NO;
				GCC_NO_COMMON_BLOCKS = YES;
				GCC_OPTIMIZATION_LEVEL = 0;
				GCC_PREPROCESSOR_DEFINITIONS = (
					"DEBUG=1",
					"$(inherited)",
				);
				GCC_WARN_64_TO_32_BIT_CONVERSION = YES;
				GCC_WARN_ABOUT_RETURN_TYPE = YES_ERROR;
				GCC_WARN_UNDECLARED_SELECTOR = YES;
				GCC_WARN_UNINITIALIZED_AUTOS = YES_AGGRESSIVE;
				GCC_WARN_UNUSED_FUNCTION = YES;
				GCC_WARN_UNUSED_VARIABLE = YES;
				MACOSX_DEPLOYMENT_TARGET = 13.2;
				MTL_ENABLE_DEBUG_INFO = INCLUDE_SOURCE;
				MTL_FAST_MATH = YES;
				ONLY_ACTIVE_ARCH = YES;
				SDKROOT = macosx;
			};
			name = Debug;
		};
		BC378BF629EA819F00F159CF /* Release */ = {
			isa = XCBuildConfiguration;
			buildSettings = {
				ALWAYS_SEARCH_USER_PATHS = NO;
				CLANG_ANALYZER_NONNULL = YES;
				CLANG_ANALYZER_NUMBER_OBJECT_CONVERSION = YES_AGGRESSIVE;
				CLANG_CXX_LANGUAGE_STANDARD = "gnu++20";
				CLANG_ENABLE_MODULES = YES;
				CLANG_ENABLE_OBJC_ARC = YES;
				CLANG_ENABLE_OBJC_WEAK = YES;
				CLANG_WARN_BLOCK_CAPTURE_AUTORELEASING = YES;
				CLANG_WARN_BOOL_CONVERSION = YES;
				CLANG_WARN_COMMA = YES;
				CLANG_WARN_CONSTANT_CONVERSION = YES;
				CLANG_WARN_DEPRECATED_OBJC_IMPLEMENTATIONS = YES;
				CLANG_WARN_DIRECT_OBJC_ISA_USAGE = YES_ERROR;
				CLANG_WARN_DOCUMENTATION_COMMENTS = YES;
				CLANG_WARN_EMPTY_BODY = YES;
				CLANG_WARN_ENUM_CONVERSION = YES;
				CLANG_WARN_INFINITE_RECURSION = YES;
				CLANG_WARN_INT_CONVERSION = YES;
				CLANG_WARN_NON_LITERAL_NULL_CONVERSION = YES;
				CLANG_WARN_OBJC_IMPLICIT_RETAIN_SELF = YES;
				CLANG_WARN_OBJC_LITERAL_CONVERSION = YES;
				CLANG_WARN_OBJC_ROOT_CLASS = YES_ERROR;
				CLANG_WARN_QUOTED_INCLUDE_IN_FRAMEWORK_HEADER = YES;
				CLANG_WARN_RANGE_LOOP_ANALYSIS = YES;
				CLANG_WARN_STRICT_PROTOTYPES = YES;
				CLANG_WARN_SUSPICIOUS_MOVE = YES;
				CLANG_WARN_UNGUARDED_AVAILABILITY = YES_AGGRESSIVE;
				CLANG_WARN_UNREACHABLE_CODE = YES;
				CLANG_WARN__DUPLICATE_METHOD_MATCH = YES;
				COPY_PHASE_STRIP = NO;
				DEBUG_INFORMATION_FORMAT = "dwarf-with-dsym";
				ENABLE_NS_ASSERTIONS = NO;
				ENABLE_STRICT_OBJC_MSGSEND = YES;
				GCC_C_LANGUAGE_STANDARD = gnu11;
				GCC_NO_COMMON_BLOCKS = YES;
				GCC_WARN_64_TO_32_BIT_CONVERSION = YES;
				GCC_WARN_ABOUT_RETURN_TYPE = YES_ERROR;
				GCC_WARN_UNDECLARED_SELECTOR = YES;
				GCC_WARN_UNINITIALIZED_AUTOS = YES_AGGRESSIVE;
				GCC_WARN_UNUSED_FUNCTION = YES;
				GCC_WARN_UNUSED_VARIABLE = YES;
				MACOSX_DEPLOYMENT_TARGET = 13.2;
				MTL_ENABLE_DEBUG_INFO = NO;
				MTL_FAST_MATH = YES;
				SDKROOT = macosx;
			};
			name = Release;
		};
		BC378BF829EA819F00F159CF /* Debug */ = {
			isa = XCBuildConfiguration;
			buildSettings = {
				CODE_SIGN_STYLE = Automatic;
				PRODUCT_NAME = "$(TARGET_NAME)";
			};
			name = Debug;
		};
		BC378BF929EA819F00F159CF /* Release */ = {
			isa = XCBuildConfiguration;
			buildSettings = {
				CODE_SIGN_STYLE = Automatic;
				PRODUCT_NAME = "$(TARGET_NAME)";
			};
			name = Release;
		};
/* End XCBuildConfiguration section */

/* Begin XCConfigurationList section */
		BC378BEB29EA819F00F159CF /* Build configuration list for PBXProject "MachineLearningProject" */ = {
			isa = XCConfigurationList;
			buildConfigurations = (
				BC378BF529EA819F00F159CF /* Debug */,
				BC378BF629EA819F00F159CF /* Release */,
			);
			defaultConfigurationIsVisible = 0;
			defaultConfigurationName = Release;
		};
		BC378BF729EA819F00F159CF /* Build configuration list for PBXNativeTarget "MachineLearningProject" */ = {
			isa = XCConfigurationList;
			buildConfigurations = (
				BC378BF829EA819F00F159CF /* Debug */,
				BC378BF929EA819F00F159CF /* Release */,
			);
			defaultConfigurationIsVisible = 0;
			defaultConfigurationName = Release;
		};
/* End XCConfigurationList section */
	};
	rootObject = BC378BE829EA819F00F159CF /* Project object */;
}
